
Microsoft Visual Studio Solution File, Format Version 12.00
Project("{FAE04EC0-301F-11D3-BF4B-00C04F79EFBC}") = "Class_Work_1", "Class_Work_1\Class_Work_1.csproj", "{B022A810-D82E-4EC6-81A9-7E00A3F69F60}"
EndProject
Global
	GlobalSection(SolutionConfigurationPlatforms) = preSolution
		Debug|Any CPU = Debug|Any CPU
		Release|Any CPU = Release|Any CPU
	EndGlobalSection
	GlobalSection(ProjectConfigurationPlatforms) = postSolution
		{B022A810-D82E-4EC6-81A9-7E00A3F69F60}.Debug|Any CPU.ActiveCfg = Debug|Any CPU
		{B022A810-D82E-4EC6-81A9-7E00A3F69F60}.Debug|Any CPU.Build.0 = Debug|Any CPU
		{B022A810-D82E-4EC6-81A9-7E00A3F69F60}.Release|Any CPU.ActiveCfg = Release|Any CPU
		{B022A810-D82E-4EC6-81A9-7E00A3F69F60}.Release|Any CPU.Build.0 = Release|Any CPU
	EndGlobalSection
EndGlobal
